
Microsoft Visual Studio Solution File, Format Version 12.00
# Visual Studio 15
VisualStudioVersion = 15.0.27703.2026
MinimumVisualStudioVersion = 10.0.40219.1
Project("{FAE04EC0-301F-11D3-BF4B-00C04F79EFBC}") = "Bowling3", "Bowling3\Bowling3.csproj", "{89350184-E5C3-4628-90FC-215CD70FD780}"
EndProject
Global
	GlobalSection(SolutionConfigurationPlatforms) = preSolution
		Debug|Any CPU = Debug|Any CPU
		Release|Any CPU = Release|Any CPU
	EndGlobalSection
	GlobalSection(ProjectConfigurationPlatforms) = postSolution
		{89350184-E5C3-4628-90FC-215CD70FD780}.Debug|Any CPU.ActiveCfg = Debug|Any CPU
		{89350184-E5C3-4628-90FC-215CD70FD780}.Debug|Any CPU.Build.0 = Debug|Any CPU
		{89350184-E5C3-4628-90FC-215CD70FD780}.Release|Any CPU.ActiveCfg = Release|Any CPU
		{89350184-E5C3-4628-90FC-215CD70FD780}.Release|Any CPU.Build.0 = Release|Any CPU
	EndGlobalSection
	GlobalSection(SolutionProperties) = preSolution
		HideSolutionNode = FALSE
	EndGlobalSection
	GlobalSection(ExtensibilityGlobals) = postSolution
		SolutionGuid = {5DE7A226-8068-439E-9463-E49D8CB8E9E0}
	EndGlobalSection
EndGlobal
