
Microsoft Visual Studio Solution File, Format Version 12.00
# Visual Studio 15
VisualStudioVersion = 15.0.27703.2026
MinimumVisualStudioVersion = 10.0.40219.1
Project("{FAE04EC0-301F-11D3-BF4B-00C04F79EFBC}") = "Bowling", "Bowling\Bowling.csproj", "{8B8D052A-31F4-49A7-B1EA-E19EC0991DDB}"
EndProject
Global
	GlobalSection(SolutionConfigurationPlatforms) = preSolution
		Debug|Any CPU = Debug|Any CPU
		Release|Any CPU = Release|Any CPU
	EndGlobalSection
	GlobalSection(ProjectConfigurationPlatforms) = postSolution
		{8B8D052A-31F4-49A7-B1EA-E19EC0991DDB}.Debug|Any CPU.ActiveCfg = Debug|Any CPU
		{8B8D052A-31F4-49A7-B1EA-E19EC0991DDB}.Debug|Any CPU.Build.0 = Debug|Any CPU
		{8B8D052A-31F4-49A7-B1EA-E19EC0991DDB}.Release|Any CPU.ActiveCfg = Release|Any CPU
		{8B8D052A-31F4-49A7-B1EA-E19EC0991DDB}.Release|Any CPU.Build.0 = Release|Any CPU
	EndGlobalSection
	GlobalSection(SolutionProperties) = preSolution
		HideSolutionNode = FALSE
	EndGlobalSection
	GlobalSection(ExtensibilityGlobals) = postSolution
		SolutionGuid = {8B0C177F-086B-4A27-B932-32F15FF47B23}
	EndGlobalSection
EndGlobal
