
Microsoft Visual Studio Solution File, Format Version 12.00
# Visual Studio 15
VisualStudioVersion = 15.0.27703.2018
MinimumVisualStudioVersion = 10.0.40219.1
Project("{FAE04EC0-301F-11D3-BF4B-00C04F79EFBC}") = "SealedClasses", "SealedClasses\SealedClasses.csproj", "{B5FB1B63-2BD7-4F12-80B3-58B181F6FB53}"
EndProject
Global
	GlobalSection(SolutionConfigurationPlatforms) = preSolution
		Debug|Any CPU = Debug|Any CPU
		Release|Any CPU = Release|Any CPU
	EndGlobalSection
	GlobalSection(ProjectConfigurationPlatforms) = postSolution
		{B5FB1B63-2BD7-4F12-80B3-58B181F6FB53}.Debug|Any CPU.ActiveCfg = Debug|Any CPU
		{B5FB1B63-2BD7-4F12-80B3-58B181F6FB53}.Debug|Any CPU.Build.0 = Debug|Any CPU
		{B5FB1B63-2BD7-4F12-80B3-58B181F6FB53}.Release|Any CPU.ActiveCfg = Release|Any CPU
		{B5FB1B63-2BD7-4F12-80B3-58B181F6FB53}.Release|Any CPU.Build.0 = Release|Any CPU
	EndGlobalSection
	GlobalSection(SolutionProperties) = preSolution
		HideSolutionNode = FALSE
	EndGlobalSection
	GlobalSection(ExtensibilityGlobals) = postSolution
		SolutionGuid = {55254CE5-953A-4424-AD2A-89B66B852A67}
	EndGlobalSection
EndGlobal
