
Microsoft Visual Studio Solution File, Format Version 12.00
# Visual Studio 15
VisualStudioVersion = 15.0.27703.2000
MinimumVisualStudioVersion = 10.0.40219.1
Project("{FAE04EC0-301F-11D3-BF4B-00C04F79EFBC}") = "StringBuilderDemo", "StringBuilder\StringBuilderDemo.csproj", "{2F690B85-8B9F-470B-A9A3-EB2CA029957F}"
EndProject
Global
	GlobalSection(SolutionConfigurationPlatforms) = preSolution
		Debug|Any CPU = Debug|Any CPU
		Release|Any CPU = Release|Any CPU
	EndGlobalSection
	GlobalSection(ProjectConfigurationPlatforms) = postSolution
		{2F690B85-8B9F-470B-A9A3-EB2CA029957F}.Debug|Any CPU.ActiveCfg = Debug|Any CPU
		{2F690B85-8B9F-470B-A9A3-EB2CA029957F}.Debug|Any CPU.Build.0 = Debug|Any CPU
		{2F690B85-8B9F-470B-A9A3-EB2CA029957F}.Release|Any CPU.ActiveCfg = Release|Any CPU
		{2F690B85-8B9F-470B-A9A3-EB2CA029957F}.Release|Any CPU.Build.0 = Release|Any CPU
	EndGlobalSection
	GlobalSection(SolutionProperties) = preSolution
		HideSolutionNode = FALSE
	EndGlobalSection
	GlobalSection(ExtensibilityGlobals) = postSolution
		SolutionGuid = {A57B8988-3BFD-4DAA-8911-0EFC77AFB0DE}
	EndGlobalSection
EndGlobal
