
Microsoft Visual Studio Solution File, Format Version 12.00
# Visual Studio 15
VisualStudioVersion = 15.0.27703.2018
MinimumVisualStudioVersion = 10.0.40219.1
Project("{FAE04EC0-301F-11D3-BF4B-00C04F79EFBC}") = "Abstract classes", "Abstract classes\Abstract classes.csproj", "{D219C702-4393-4616-8BAF-32D7794DDD16}"
EndProject
Global
	GlobalSection(SolutionConfigurationPlatforms) = preSolution
		Debug|Any CPU = Debug|Any CPU
		Release|Any CPU = Release|Any CPU
	EndGlobalSection
	GlobalSection(ProjectConfigurationPlatforms) = postSolution
		{D219C702-4393-4616-8BAF-32D7794DDD16}.Debug|Any CPU.ActiveCfg = Debug|Any CPU
		{D219C702-4393-4616-8BAF-32D7794DDD16}.Debug|Any CPU.Build.0 = Debug|Any CPU
		{D219C702-4393-4616-8BAF-32D7794DDD16}.Release|Any CPU.ActiveCfg = Release|Any CPU
		{D219C702-4393-4616-8BAF-32D7794DDD16}.Release|Any CPU.Build.0 = Release|Any CPU
	EndGlobalSection
	GlobalSection(SolutionProperties) = preSolution
		HideSolutionNode = FALSE
	EndGlobalSection
	GlobalSection(ExtensibilityGlobals) = postSolution
		SolutionGuid = {BB8D1A25-5233-4DFC-8B67-3E70F6C07EB0}
	EndGlobalSection
EndGlobal
