
Microsoft Visual Studio Solution File, Format Version 12.00
# Visual Studio 15
VisualStudioVersion = 15.0.27703.2026
MinimumVisualStudioVersion = 10.0.40219.1
Project("{FAE04EC0-301F-11D3-BF4B-00C04F79EFBC}") = "Interfaces_Extensibility", "Interfaces_testability\Interfaces_Extensibility.csproj", "{35B49CA0-F63A-4B3D-9A83-C02BB7462B4B}"
EndProject
Global
	GlobalSection(SolutionConfigurationPlatforms) = preSolution
		Debug|Any CPU = Debug|Any CPU
		Release|Any CPU = Release|Any CPU
	EndGlobalSection
	GlobalSection(ProjectConfigurationPlatforms) = postSolution
		{35B49CA0-F63A-4B3D-9A83-C02BB7462B4B}.Debug|Any CPU.ActiveCfg = Debug|Any CPU
		{35B49CA0-F63A-4B3D-9A83-C02BB7462B4B}.Debug|Any CPU.Build.0 = Debug|Any CPU
		{35B49CA0-F63A-4B3D-9A83-C02BB7462B4B}.Release|Any CPU.ActiveCfg = Release|Any CPU
		{35B49CA0-F63A-4B3D-9A83-C02BB7462B4B}.Release|Any CPU.Build.0 = Release|Any CPU
	EndGlobalSection
	GlobalSection(SolutionProperties) = preSolution
		HideSolutionNode = FALSE
	EndGlobalSection
	GlobalSection(ExtensibilityGlobals) = postSolution
		SolutionGuid = {9F951708-07C2-4666-B058-DC4F8B24D783}
	EndGlobalSection
EndGlobal
