
Microsoft Visual Studio Solution File, Format Version 12.00
# Visual Studio 15
VisualStudioVersion = 15.0.27703.2000
MinimumVisualStudioVersion = 10.0.40219.1
Project("{FAE04EC0-301F-11D3-BF4B-00C04F79EFBC}") = "StackOverflow", "StackOverflow\StackOverflow.csproj", "{6B8DCF7E-A5C6-4113-875F-9AF39EB6F0DE}"
EndProject
Global
	GlobalSection(SolutionConfigurationPlatforms) = preSolution
		Debug|Any CPU = Debug|Any CPU
		Release|Any CPU = Release|Any CPU
	EndGlobalSection
	GlobalSection(ProjectConfigurationPlatforms) = postSolution
		{6B8DCF7E-A5C6-4113-875F-9AF39EB6F0DE}.Debug|Any CPU.ActiveCfg = Debug|Any CPU
		{6B8DCF7E-A5C6-4113-875F-9AF39EB6F0DE}.Debug|Any CPU.Build.0 = Debug|Any CPU
		{6B8DCF7E-A5C6-4113-875F-9AF39EB6F0DE}.Release|Any CPU.ActiveCfg = Release|Any CPU
		{6B8DCF7E-A5C6-4113-875F-9AF39EB6F0DE}.Release|Any CPU.Build.0 = Release|Any CPU
	EndGlobalSection
	GlobalSection(SolutionProperties) = preSolution
		HideSolutionNode = FALSE
	EndGlobalSection
	GlobalSection(ExtensibilityGlobals) = postSolution
		SolutionGuid = {9969B27E-5552-4DA8-9EC8-5897E42B2CD6}
	EndGlobalSection
EndGlobal
